
Microsoft Visual Studio Solution File, Format Version 12.00
# Visual Studio Version 17
VisualStudioVersion = 17.13.35825.156 d17.13
MinimumVisualStudioVersion = 10.0.40219.1
Project("{FAE04EC0-301F-11D3-BF4B-00C04F79EFBC}") = "WebApplication2", "WebApplication2\WebApplication2.csproj", "{06408BB1-C490-4E32-B665-551965D5AD7D}"
EndProject
Global
	GlobalSection(SolutionConfigurationPlatforms) = preSolution
		Debug|Any CPU = Debug|Any CPU
		Release|Any CPU = Release|Any CPU
	EndGlobalSection
	GlobalSection(ProjectConfigurationPlatforms) = postSolution
		{06408BB1-C490-4E32-B665-551965D5AD7D}.Debug|Any CPU.ActiveCfg = Debug|Any CPU
		{06408BB1-C490-4E32-B665-551965D5AD7D}.Debug|Any CPU.Build.0 = Debug|Any CPU
		{06408BB1-C490-4E32-B665-551965D5AD7D}.Release|Any CPU.ActiveCfg = Release|Any CPU
		{06408BB1-C490-4E32-B665-551965D5AD7D}.Release|Any CPU.Build.0 = Release|Any CPU
	EndGlobalSection
	GlobalSection(SolutionProperties) = preSolution
		HideSolutionNode = FALSE
	EndGlobalSection
	GlobalSection(ExtensibilityGlobals) = postSolution
		SolutionGuid = {0A0A11BE-78CA-4A5A-A2D1-EC0CFE0CE70B}
	EndGlobalSection
EndGlobal
